
Microsoft Visual Studio Solution File, Format Version 12.00
# Visual Studio 15
VisualStudioVersion = 15.0.28010.2036
MinimumVisualStudioVersion = 10.0.40219.1
Project("{FAE04EC0-301F-11D3-BF4B-00C04F79EFBC}") = "Proyecto2", "Proyecto2\Proyecto2.csproj", "{91BFE3B5-C112-41E9-ADCB-884B7A589DD3}"
EndProject
Global
	GlobalSection(SolutionConfigurationPlatforms) = preSolution
		Debug|Any CPU = Debug|Any CPU
		Release|Any CPU = Release|Any CPU
	EndGlobalSection
	GlobalSection(ProjectConfigurationPlatforms) = postSolution
		{91BFE3B5-C112-41E9-ADCB-884B7A589DD3}.Debug|Any CPU.ActiveCfg = Debug|Any CPU
		{91BFE3B5-C112-41E9-ADCB-884B7A589DD3}.Debug|Any CPU.Build.0 = Debug|Any CPU
		{91BFE3B5-C112-41E9-ADCB-884B7A589DD3}.Release|Any CPU.ActiveCfg = Release|Any CPU
		{91BFE3B5-C112-41E9-ADCB-884B7A589DD3}.Release|Any CPU.Build.0 = Release|Any CPU
	EndGlobalSection
	GlobalSection(SolutionProperties) = preSolution
		HideSolutionNode = FALSE
	EndGlobalSection
	GlobalSection(ExtensibilityGlobals) = postSolution
		SolutionGuid = {28771B8B-03FB-4794-88E2-5E4CF493292A}
	EndGlobalSection
EndGlobal
